
Microsoft Visual Studio Solution File, Format Version 12.00
# Visual Studio Version 17
VisualStudioVersion = 17.11.35327.3
MinimumVisualStudioVersion = 10.0.40219.1
Project("{8BC9CEB8-8B4A-11D0-8D11-00A0C91BC942}") = "Editor_Window", "Editor_Window\Editor_Window.vcxproj", "{C73FC339-6362-43A8-A39F-E4571C3B5B75}"
EndProject
Global
	GlobalSection(SolutionConfigurationPlatforms) = preSolution
		Debug|x64 = Debug|x64
		Debug|x86 = Debug|x86
		Release|x64 = Release|x64
		Release|x86 = Release|x86
	EndGlobalSection
	GlobalSection(ProjectConfigurationPlatforms) = postSolution
		{C73FC339-6362-43A8-A39F-E4571C3B5B75}.Debug|x64.ActiveCfg = Debug|x64
		{C73FC339-6362-43A8-A39F-E4571C3B5B75}.Debug|x64.Build.0 = Debug|x64
		{C73FC339-6362-43A8-A39F-E4571C3B5B75}.Debug|x86.ActiveCfg = Debug|Win32
		{C73FC339-6362-43A8-A39F-E4571C3B5B75}.Debug|x86.Build.0 = Debug|Win32
		{C73FC339-6362-43A8-A39F-E4571C3B5B75}.Release|x64.ActiveCfg = Release|x64
		{C73FC339-6362-43A8-A39F-E4571C3B5B75}.Release|x64.Build.0 = Release|x64
		{C73FC339-6362-43A8-A39F-E4571C3B5B75}.Release|x86.ActiveCfg = Release|Win32
		{C73FC339-6362-43A8-A39F-E4571C3B5B75}.Release|x86.Build.0 = Release|Win32
	EndGlobalSection
	GlobalSection(SolutionProperties) = preSolution
		HideSolutionNode = FALSE
	EndGlobalSection
	GlobalSection(ExtensibilityGlobals) = postSolution
		SolutionGuid = {B8309953-CFCE-4554-A8D7-466BD76DE9D1}
	EndGlobalSection
EndGlobal
